// !$*UTF8*$!
{
	archiveVersion = 1;
	classes = {
	};
	objectVersion = 48;
	objects = {

/* Begin PBXBuildFile section */
		049210892132B3C200961B41 /* Class_Collec.swift in Sources */ = {isa = PBXBuildFile; fileRef = 049210882132B3C200961B41 /* Class_Collec.swift */; };
		049A1491213EC74B00E8B5F3 /* Extension+GetImageBG.swift in Sources */ = {isa = PBXBuildFile; fileRef = 049A1490213EC74B00E8B5F3 /* Extension+GetImageBG.swift */; };
		04B9A6D421319E080065E60A /* QuanTri_CollecCell.swift in Sources */ = {isa = PBXBuildFile; fileRef = 04B9A6D321319E080065E60A /* QuanTri_CollecCell.swift */; };
		04BACCBA21382EF00042CCBC /* Class_Table.swift in Sources */ = {isa = PBXBuildFile; fileRef = 04BACCB921382EEF0042CCBC /* Class_Table.swift */; };
		04C255C9213826BD00B40340 /* Extension+UIImageView.swift in Sources */ = {isa = PBXBuildFile; fileRef = 04C255C8213826BD00B40340 /* Extension+UIImageView.swift */; };
		04C255CF2138275C00B40340 /* QuanTri_TableCell.swift in Sources */ = {isa = PBXBuildFile; fileRef = 04C255CE2138275C00B40340 /* QuanTri_TableCell.swift */; };
		04C7D1332136E2C000DA7617 /* Extension_GetThu.swift in Sources */ = {isa = PBXBuildFile; fileRef = 04C7D1322136E2C000DA7617 /* Extension_GetThu.swift */; };
		04F552CE213199C90072928A /* AppDelegate.swift in Sources */ = {isa = PBXBuildFile; fileRef = 04F552CD213199C90072928A /* AppDelegate.swift */; };
		04F552D0213199C90072928A /* ViewController.swift in Sources */ = {isa = PBXBuildFile; fileRef = 04F552CF213199C90072928A /* ViewController.swift */; };
		04F552D3213199C90072928A /* Main.storyboard in Resources */ = {isa = PBXBuildFile; fileRef = 04F552D1213199C90072928A /* Main.storyboard */; };
		04F552D5213199C90072928A /* Assets.xcassets in Resources */ = {isa = PBXBuildFile; fileRef = 04F552D4213199C90072928A /* Assets.xcassets */; };
		04F552D8213199C90072928A /* LaunchScreen.storyboard in Resources */ = {isa = PBXBuildFile; fileRef = 04F552D6213199C90072928A /* LaunchScreen.storyboard */; };
/* End PBXBuildFile section */

/* Begin PBXFileReference section */
		049210882132B3C200961B41 /* Class_Collec.swift */ = {isa = PBXFileReference; lastKnownFileType = sourcecode.swift; path = Class_Collec.swift; sourceTree = "<group>"; };
		049A1490213EC74B00E8B5F3 /* Extension+GetImageBG.swift */ = {isa = PBXFileReference; lastKnownFileType = sourcecode.swift; path = "Extension+GetImageBG.swift"; sourceTree = "<group>"; };
		04B9A6D321319E080065E60A /* QuanTri_CollecCell.swift */ = {isa = PBXFileReference; lastKnownFileType = sourcecode.swift; path = QuanTri_CollecCell.swift; sourceTree = "<group>"; };
		04BACCB921382EEF0042CCBC /* Class_Table.swift */ = {isa = PBXFileReference; lastKnownFileType = sourcecode.swift; path = Class_Table.swift; sourceTree = "<group>"; };
		04C255C8213826BD00B40340 /* Extension+UIImageView.swift */ = {isa = PBXFileReference; lastKnownFileType = sourcecode.swift; path = "Extension+UIImageView.swift"; sourceTree = "<group>"; };
		04C255CE2138275C00B40340 /* QuanTri_TableCell.swift */ = {isa = PBXFileReference; lastKnownFileType = sourcecode.swift; path = QuanTri_TableCell.swift; sourceTree = "<group>"; };
		04C7D1322136E2C000DA7617 /* Extension_GetThu.swift */ = {isa = PBXFileReference; lastKnownFileType = sourcecode.swift; path = Extension_GetThu.swift; sourceTree = "<group>"; };
		04F552CA213199C90072928A /* Weather App.app */ = {isa = PBXFileReference; explicitFileType = wrapper.application; includeInIndex = 0; path = "Weather App.app"; sourceTree = BUILT_PRODUCTS_DIR; };
		04F552CD213199C90072928A /* AppDelegate.swift */ = {isa = PBXFileReference; lastKnownFileType = sourcecode.swift; path = AppDelegate.swift; sourceTree = "<group>"; };
		04F552CF213199C90072928A /* ViewController.swift */ = {isa = PBXFileReference; lastKnownFileType = sourcecode.swift; path = ViewController.swift; sourceTree = "<group>"; };
		04F552D2213199C90072928A /* Base */ = {isa = PBXFileReference; lastKnownFileType = file.storyboard; name = Base; path = Base.lproj/Main.storyboard; sourceTree = "<group>"; };
		04F552D4213199C90072928A /* Assets.xcassets */ = {isa = PBXFileReference; lastKnownFileType = folder.assetcatalog; path = Assets.xcassets; sourceTree = "<group>"; };
		04F552D7213199C90072928A /* Base */ = {isa = PBXFileReference; lastKnownFileType = file.storyboard; name = Base; path = Base.lproj/LaunchScreen.storyboard; sourceTree = "<group>"; };
		04F552D9213199C90072928A /* Info.plist */ = {isa = PBXFileReference; lastKnownFileType = text.plist.xml; path = Info.plist; sourceTree = "<group>"; };
/* End PBXFileReference section */

/* Begin PBXFrameworksBuildPhase section */
		04F552C7213199C90072928A /* Frameworks */ = {
			isa = PBXFrameworksBuildPhase;
			buildActionMask = 2147483647;
			files = (
			);
			runOnlyForDeploymentPostprocessing = 0;
		};
/* End PBXFrameworksBuildPhase section */

/* Begin PBXGroup section */
		049210872132B39700961B41 /* Class */ = {
			isa = PBXGroup;
			children = (
				049210882132B3C200961B41 /* Class_Collec.swift */,
				04BACCB921382EEF0042CCBC /* Class_Table.swift */,
			);
			path = Class;
			sourceTree = "<group>";
		};
		04B9A6D221319DF20065E60A /* Quản Trị */ = {
			isa = PBXGroup;
			children = (
				04B9A6D321319E080065E60A /* QuanTri_CollecCell.swift */,
				04C255CE2138275C00B40340 /* QuanTri_TableCell.swift */,
			);
			name = "Quản Trị";
			path = "Quản Trị";
			sourceTree = "<group>";
		};
		04C7D1312136E28F00DA7617 /* Extension */ = {
			isa = PBXGroup;
			children = (
				04C7D1322136E2C000DA7617 /* Extension_GetThu.swift */,
				04C255C8213826BD00B40340 /* Extension+UIImageView.swift */,
				049A1490213EC74B00E8B5F3 /* Extension+GetImageBG.swift */,
			);
			path = Extension;
			sourceTree = "<group>";
		};
		04F552C1213199C90072928A = {
			isa = PBXGroup;
			children = (
				04F552CC213199C90072928A /* Weather App */,
				04F552CB213199C90072928A /* Products */,
			);
			sourceTree = "<group>";
		};
		04F552CB213199C90072928A /* Products */ = {
			isa = PBXGroup;
			children = (
				04F552CA213199C90072928A /* Weather App.app */,
			);
			name = Products;
			sourceTree = "<group>";
		};
		04F552CC213199C90072928A /* Weather App */ = {
			isa = PBXGroup;
			children = (
				04C7D1312136E28F00DA7617 /* Extension */,
				049210872132B39700961B41 /* Class */,
				04B9A6D221319DF20065E60A /* Quản Trị */,
				04F552CD213199C90072928A /* AppDelegate.swift */,
				04F552CF213199C90072928A /* ViewController.swift */,
				04F552D1213199C90072928A /* Main.storyboard */,
				04F552D4213199C90072928A /* Assets.xcassets */,
				04F552D6213199C90072928A /* LaunchScreen.storyboard */,
				04F552D9213199C90072928A /* Info.plist */,
			);
			path = "Weather App";
			sourceTree = "<group>";
		};
/* End PBXGroup section */

/* Begin PBXNativeTarget section */
		04F552C9213199C90072928A /* Weather App */ = {
			isa = PBXNativeTarget;
			buildConfigurationList = 04F552DC213199C90072928A /* Build configuration list for PBXNativeTarget "Weather App" */;
			buildPhases = (
				04F552C6213199C90072928A /* Sources */,
				04F552C7213199C90072928A /* Frameworks */,
				04F552C8213199C90072928A /* Resources */,
			);
			buildRules = (
			);
			dependencies = (
			);
			name = "Weather App";
			productName = "Weather App";
			productReference = 04F552CA213199C90072928A /* Weather App.app */;
			productType = "com.apple.product-type.application";
		};
/* End PBXNativeTarget section */

/* Begin PBXProject section */
		04F552C2213199C90072928A /* Project object */ = {
			isa = PBXProject;
			attributes = {
				LastSwiftUpdateCheck = 0920;
				LastUpgradeCheck = 0920;
				ORGANIZATIONNAME = mac;
				TargetAttributes = {
					04F552C9213199C90072928A = {
						CreatedOnToolsVersion = 9.2;
						ProvisioningStyle = Automatic;
					};
				};
			};
			buildConfigurationList = 04F552C5213199C90072928A /* Build configuration list for PBXProject "Weather App" */;
			compatibilityVersion = "Xcode 8.0";
			developmentRegion = en;
			hasScannedForEncodings = 0;
			knownRegions = (
				en,
				Base,
			);
			mainGroup = 04F552C1213199C90072928A;
			productRefGroup = 04F552CB213199C90072928A /* Products */;
			projectDirPath = "";
			projectRoot = "";
			targets = (
				04F552C9213199C90072928A /* Weather App */,
			);
		};
/* End PBXProject section */

/* Begin PBXResourcesBuildPhase section */
		04F552C8213199C90072928A /* Resources */ = {
			isa = PBXResourcesBuildPhase;
			buildActionMask = 2147483647;
			files = (
				04F552D8213199C90072928A /* LaunchScreen.storyboard in Resources */,
				04F552D5213199C90072928A /* Assets.xcassets in Resources */,
				04F552D3213199C90072928A /* Main.storyboard in Resources */,
			);
			runOnlyForDeploymentPostprocessing = 0;
		};
/* End PBXResourcesBuildPhase section */

/* Begin PBXSourcesBuildPhase section */
		04F552C6213199C90072928A /* Sources */ = {
			isa = PBXSourcesBuildPhase;
			buildActionMask = 2147483647;
			files = (
				049210892132B3C200961B41 /* Class_Collec.swift in Sources */,
				04BACCBA21382EF00042CCBC /* Class_Table.swift in Sources */,
				04B9A6D421319E080065E60A /* QuanTri_CollecCell.swift in Sources */,
				049A1491213EC74B00E8B5F3 /* Extension+GetImageBG.swift in Sources */,
				04F552D0213199C90072928A /* ViewController.swift in Sources */,
				04C7D1332136E2C000DA7617 /* Extension_GetThu.swift in Sources */,
				04C255CF2138275C00B40340 /* QuanTri_TableCell.swift in Sources */,
				04C255C9213826BD00B40340 /* Extension+UIImageView.swift in Sources */,
				04F552CE213199C90072928A /* AppDelegate.swift in Sources */,
			);
			runOnlyForDeploymentPostprocessing = 0;
		};
/* End PBXSourcesBuildPhase section */

/* Begin PBXVariantGroup section */
		04F552D1213199C90072928A /* Main.storyboard */ = {
			isa = PBXVariantGroup;
			children = (
				04F552D2213199C90072928A /* Base */,
			);
			name = Main.storyboard;
			sourceTree = "<group>";
		};
		04F552D6213199C90072928A /* LaunchScreen.storyboard */ = {
			isa = PBXVariantGroup;
			children = (
				04F552D7213199C90072928A /* Base */,
			);
			name = LaunchScreen.storyboard;
			sourceTree = "<group>";
		};
/* End PBXVariantGroup section */

/* Begin XCBuildConfiguration section */
		04F552DA213199C90072928A /* Debug */ = {
			isa = XCBuildConfiguration;
			buildSettings = {
				ALWAYS_SEARCH_USER_PATHS = NO;
				CLANG_ANALYZER_NONNULL = YES;
				CLANG_ANALYZER_NUMBER_OBJECT_CONVERSION = YES_AGGRESSIVE;
				CLANG_CXX_LANGUAGE_STANDARD = "gnu++14";
				CLANG_CXX_LIBRARY = "libc++";
				CLANG_ENABLE_MODULES = YES;
				CLANG_ENABLE_OBJC_ARC = YES;
				CLANG_WARN_BLOCK_CAPTURE_AUTORELEASING = YES;
				CLANG_WARN_BOOL_CONVERSION = YES;
				CLANG_WARN_COMMA = YES;
				CLANG_WARN_CONSTANT_CONVERSION = YES;
				CLANG_WARN_DIRECT_OBJC_ISA_USAGE = YES_ERROR;
				CLANG_WARN_DOCUMENTATION_COMMENTS = YES;
				CLANG_WARN_EMPTY_BODY = YES;
				CLANG_WARN_ENUM_CONVERSION = YES;
				CLANG_WARN_INFINITE_RECURSION = YES;
				CLANG_WARN_INT_CONVERSION = YES;
				CLANG_WARN_NON_LITERAL_NULL_CONVERSION = YES;
				CLANG_WARN_OBJC_LITERAL_CONVERSION = YES;
				CLANG_WARN_OBJC_ROOT_CLASS = YES_ERROR;
				CLANG_WARN_RANGE_LOOP_ANALYSIS = YES;
				CLANG_WARN_STRICT_PROTOTYPES = YES;
				CLANG_WARN_SUSPICIOUS_MOVE = YES;
				CLANG_WARN_UNGUARDED_AVAILABILITY = YES_AGGRESSIVE;
				CLANG_WARN_UNREACHABLE_CODE = YES;
				CLANG_WARN__DUPLICATE_METHOD_MATCH = YES;
				CODE_SIGN_IDENTITY = "iPhone Developer";
				COPY_PHASE_STRIP = NO;
				DEBUG_INFORMATION_FORMAT = dwarf;
				ENABLE_STRICT_OBJC_MSGSEND = YES;
				ENABLE_TESTABILITY = YES;
				GCC_C_LANGUAGE_STANDARD = gnu11;
				GCC_DYNAMIC_NO_PIC = NO;
				GCC_NO_COMMON_BLOCKS = YES;
				GCC_OPTIMIZATION_LEVEL = 0;
				GCC_PREPROCESSOR_DEFINITIONS = (
					"DEBUG=1",
					"$(inherited)",
				);
				GCC_WARN_64_TO_32_BIT_CONVERSION = YES;
				GCC_WARN_ABOUT_RETURN_TYPE = YES_ERROR;
				GCC_WARN_UNDECLARED_SELECTOR = YES;
				GCC_WARN_UNINITIALIZED_AUTOS = YES_AGGRESSIVE;
				GCC_WARN_UNUSED_FUNCTION = YES;
				GCC_WARN_UNUSED_VARIABLE = YES;
				IPHONEOS_DEPLOYMENT_TARGET = 10.0;
				MTL_ENABLE_DEBUG_INFO = YES;
				ONLY_ACTIVE_ARCH = YES;
				SDKROOT = iphoneos;
				SWIFT_ACTIVE_COMPILATION_CONDITIONS = DEBUG;
				SWIFT_OPTIMIZATION_LEVEL = "-Onone";
			};
			name = Debug;
		};
		04F552DB213199C90072928A /* Release */ = {
			isa = XCBuildConfiguration;
			buildSettings = {
				ALWAYS_SEARCH_USER_PATHS = NO;
				CLANG_ANALYZER_NONNULL = YES;
				CLANG_ANALYZER_NUMBER_OBJECT_CONVERSION = YES_AGGRESSIVE;
				CLANG_CXX_LANGUAGE_STANDARD = "gnu++14";
				CLANG_CXX_LIBRARY = "libc++";
				CLANG_ENABLE_MODULES = YES;
				CLANG_ENABLE_OBJC_ARC = YES;
				CLANG_WARN_BLOCK_CAPTURE_AUTORELEASING = YES;
				CLANG_WARN_BOOL_CONVERSION = YES;
				CLANG_WARN_COMMA = YES;
				CLANG_WARN_CONSTANT_CONVERSION = YES;
				CLANG_WARN_DIRECT_OBJC_ISA_USAGE = YES_ERROR;
				CLANG_WARN_DOCUMENTATION_COMMENTS = YES;
				CLANG_WARN_EMPTY_BODY = YES;
				CLANG_WARN_ENUM_CONVERSION = YES;
				CLANG_WARN_INFINITE_RECURSION = YES;
				CLANG_WARN_INT_CONVERSION = YES;
				CLANG_WARN_NON_LITERAL_NULL_CONVERSION = YES;
				CLANG_WARN_OBJC_LITERAL_CONVERSION = YES;
				CLANG_WARN_OBJC_ROOT_CLASS = YES_ERROR;
				CLANG_WARN_RANGE_LOOP_ANALYSIS = YES;
				CLANG_WARN_STRICT_PROTOTYPES = YES;
				CLANG_WARN_SUSPICIOUS_MOVE = YES;
				CLANG_WARN_UNGUARDED_AVAILABILITY = YES_AGGRESSIVE;
				CLANG_WARN_UNREACHABLE_CODE = YES;
				CLANG_WARN__DUPLICATE_METHOD_MATCH = YES;
				CODE_SIGN_IDENTITY = "iPhone Developer";
				COPY_PHASE_STRIP = NO;
				DEBUG_INFORMATION_FORMAT = "dwarf-with-dsym";
				ENABLE_NS_ASSERTIONS = NO;
				ENABLE_STRICT_OBJC_MSGSEND = YES;
				GCC_C_LANGUAGE_STANDARD = gnu11;
				GCC_NO_COMMON_BLOCKS = YES;
				GCC_WARN_64_TO_32_BIT_CONVERSION = YES;
				GCC_WARN_ABOUT_RETURN_TYPE = YES_ERROR;
				GCC_WARN_UNDECLARED_SELECTOR = YES;
				GCC_WARN_UNINITIALIZED_AUTOS = YES_AGGRESSIVE;
				GCC_WARN_UNUSED_FUNCTION = YES;
				GCC_WARN_UNUSED_VARIABLE = YES;
				IPHONEOS_DEPLOYMENT_TARGET = 10.0;
				MTL_ENABLE_DEBUG_INFO = NO;
				SDKROOT = iphoneos;
				SWIFT_OPTIMIZATION_LEVEL = "-Owholemodule";
				VALIDATE_PRODUCT = YES;
			};
			name = Release;
		};
		04F552DD213199C90072928A /* Debug */ = {
			isa = XCBuildConfiguration;
			buildSettings = {
				ASSETCATALOG_COMPILER_APPICON_NAME = AppIcon;
				CODE_SIGN_STYLE = Automatic;
				DEVELOPMENT_TEAM = GCAT449K7M;
				INFOPLIST_FILE = "Weather App/Info.plist";
				LD_RUNPATH_SEARCH_PATHS = "$(inherited) @executable_path/Frameworks";
				PRODUCT_BUNDLE_IDENTIFIER = "com.HocSwift.Weather-App";
				PRODUCT_NAME = "$(TARGET_NAME)";
				SWIFT_VERSION = 4.0;
				TARGETED_DEVICE_FAMILY = "1,2";
			};
			name = Debug;
		};
		04F552DE213199C90072928A /* Release */ = {
			isa = XCBuildConfiguration;
			buildSettings = {
				ASSETCATALOG_COMPILER_APPICON_NAME = AppIcon;
				CODE_SIGN_STYLE = Automatic;
				DEVELOPMENT_TEAM = GCAT449K7M;
				INFOPLIST_FILE = "Weather App/Info.plist";
				LD_RUNPATH_SEARCH_PATHS = "$(inherited) @executable_path/Frameworks";
				PRODUCT_BUNDLE_IDENTIFIER = "com.HocSwift.Weather-App";
				PRODUCT_NAME = "$(TARGET_NAME)";
				SWIFT_VERSION = 4.0;
				TARGETED_DEVICE_FAMILY = "1,2";
			};
			name = Release;
		};
/* End XCBuildConfiguration section */

/* Begin XCConfigurationList section */
		04F552C5213199C90072928A /* Build configuration list for PBXProject "Weather App" */ = {
			isa = XCConfigurationList;
			buildConfigurations = (
				04F552DA213199C90072928A /* Debug */,
				04F552DB213199C90072928A /* Release */,
			);
			defaultConfigurationIsVisible = 0;
			defaultConfigurationName = Release;
		};
		04F552DC213199C90072928A /* Build configuration list for PBXNativeTarget "Weather App" */ = {
			isa = XCConfigurationList;
			buildConfigurations = (
				04F552DD213199C90072928A /* Debug */,
				04F552DE213199C90072928A /* Release */,
			);
			defaultConfigurationIsVisible = 0;
			defaultConfigurationName = Release;
		};
/* End XCConfigurationList section */
	};
	rootObject = 04F552C2213199C90072928A /* Project object */;
}
